// !$*UTF8*$!
{
	archiveVersion = 1;
	classes = {
	};
	objectVersion = 56;
	objects = {

/* Begin PBXBuildFile section */
		4A41ED4D4C65FF833A34B822 /* Pods_HW7.framework in Frameworks */ = {isa = PBXBuildFile; fileRef = 31555EF591F05C3C2EB3AC5D /* Pods_HW7.framework */; };
		7A2F82A22B50670D0054E020 /* AppDelegate.swift in Sources */ = {isa = PBXBuildFile; fileRef = 7A2F82A12B50670D0054E020 /* AppDelegate.swift */; };
		7A2F82A42B50670D0054E020 /* SceneDelegate.swift in Sources */ = {isa = PBXBuildFile; fileRef = 7A2F82A32B50670D0054E020 /* SceneDelegate.swift */; };
		7A2F82A62B50670D0054E020 /* ViewController.swift in Sources */ = {isa = PBXBuildFile; fileRef = 7A2F82A52B50670D0054E020 /* ViewController.swift */; };
		7A2F82A92B50670D0054E020 /* Main.storyboard in Resources */ = {isa = PBXBuildFile; fileRef = 7A2F82A72B50670D0054E020 /* Main.storyboard */; };
		7A2F82AB2B50670F0054E020 /* Assets.xcassets in Resources */ = {isa = PBXBuildFile; fileRef = 7A2F82AA2B50670F0054E020 /* Assets.xcassets */; };
		7A2F82AE2B50670F0054E020 /* LaunchScreen.storyboard in Resources */ = {isa = PBXBuildFile; fileRef = 7A2F82AC2B50670F0054E020 /* LaunchScreen.storyboard */; };
		7A2F82B62B5069960054E020 /* PersonCell.swift in Sources */ = {isa = PBXBuildFile; fileRef = 7A2F82B52B5069960054E020 /* PersonCell.swift */; };
		7A2F82B82B506CF10054E020 /* NewPersonController.swift in Sources */ = {isa = PBXBuildFile; fileRef = 7A2F82B72B506CF10054E020 /* NewPersonController.swift */; };
/* End PBXBuildFile section */

/* Begin PBXFileReference section */
		31555EF591F05C3C2EB3AC5D /* Pods_HW7.framework */ = {isa = PBXFileReference; explicitFileType = wrapper.framework; includeInIndex = 0; path = Pods_HW7.framework; sourceTree = BUILT_PRODUCTS_DIR; };
		65FBC2E1F19470F6E9F29247 /* Pods-HW7.release.xcconfig */ = {isa = PBXFileReference; includeInIndex = 1; lastKnownFileType = text.xcconfig; name = "Pods-HW7.release.xcconfig"; path = "Target Support Files/Pods-HW7/Pods-HW7.release.xcconfig"; sourceTree = "<group>"; };
		7A2F829E2B50670D0054E020 /* HW7.app */ = {isa = PBXFileReference; explicitFileType = wrapper.application; includeInIndex = 0; path = HW7.app; sourceTree = BUILT_PRODUCTS_DIR; };
		7A2F82A12B50670D0054E020 /* AppDelegate.swift */ = {isa = PBXFileReference; lastKnownFileType = sourcecode.swift; path = AppDelegate.swift; sourceTree = "<group>"; };
		7A2F82A32B50670D0054E020 /* SceneDelegate.swift */ = {isa = PBXFileReference; lastKnownFileType = sourcecode.swift; path = SceneDelegate.swift; sourceTree = "<group>"; };
		7A2F82A52B50670D0054E020 /* ViewController.swift */ = {isa = PBXFileReference; lastKnownFileType = sourcecode.swift; path = ViewController.swift; sourceTree = "<group>"; };
		7A2F82A82B50670D0054E020 /* Base */ = {isa = PBXFileReference; lastKnownFileType = file.storyboard; name = Base; path = Base.lproj/Main.storyboard; sourceTree = "<group>"; };
		7A2F82AA2B50670F0054E020 /* Assets.xcassets */ = {isa = PBXFileReference; lastKnownFileType = folder.assetcatalog; path = Assets.xcassets; sourceTree = "<group>"; };
		7A2F82AD2B50670F0054E020 /* Base */ = {isa = PBXFileReference; lastKnownFileType = file.storyboard; name = Base; path = Base.lproj/LaunchScreen.storyboard; sourceTree = "<group>"; };
		7A2F82AF2B50670F0054E020 /* Info.plist */ = {isa = PBXFileReference; lastKnownFileType = text.plist.xml; path = Info.plist; sourceTree = "<group>"; };
		7A2F82B52B5069960054E020 /* PersonCell.swift */ = {isa = PBXFileReference; lastKnownFileType = sourcecode.swift; path = PersonCell.swift; sourceTree = "<group>"; };
		7A2F82B72B506CF10054E020 /* NewPersonController.swift */ = {isa = PBXFileReference; lastKnownFileType = sourcecode.swift; path = NewPersonController.swift; sourceTree = "<group>"; };
		878782BAB34F0EC9C68B04D8 /* Pods-HW7.debug.xcconfig */ = {isa = PBXFileReference; includeInIndex = 1; lastKnownFileType = text.xcconfig; name = "Pods-HW7.debug.xcconfig"; path = "Target Support Files/Pods-HW7/Pods-HW7.debug.xcconfig"; sourceTree = "<group>"; };
/* End PBXFileReference section */

/* Begin PBXFrameworksBuildPhase section */
		7A2F829B2B50670D0054E020 /* Frameworks */ = {
			isa = PBXFrameworksBuildPhase;
			buildActionMask = 2147483647;
			files = (
				4A41ED4D4C65FF833A34B822 /* Pods_HW7.framework in Frameworks */,
			);
			runOnlyForDeploymentPostprocessing = 0;
		};
/* End PBXFrameworksBuildPhase section */

/* Begin PBXGroup section */
		00DE60E6BDFF649CDC0A21B6 /* Pods */ = {
			isa = PBXGroup;
			children = (
				878782BAB34F0EC9C68B04D8 /* Pods-HW7.debug.xcconfig */,
				65FBC2E1F19470F6E9F29247 /* Pods-HW7.release.xcconfig */,
			);
			path = Pods;
			sourceTree = "<group>";
		};
		1ECFD61F82EB3E79A3BF106B /* Frameworks */ = {
			isa = PBXGroup;
			children = (
				31555EF591F05C3C2EB3AC5D /* Pods_HW7.framework */,
			);
			name = Frameworks;
			sourceTree = "<group>";
		};
		7A2F82952B50670D0054E020 = {
			isa = PBXGroup;
			children = (
				7A2F82A02B50670D0054E020 /* HW7 */,
				7A2F829F2B50670D0054E020 /* Products */,
				00DE60E6BDFF649CDC0A21B6 /* Pods */,
				1ECFD61F82EB3E79A3BF106B /* Frameworks */,
			);
			sourceTree = "<group>";
		};
		7A2F829F2B50670D0054E020 /* Products */ = {
			isa = PBXGroup;
			children = (
				7A2F829E2B50670D0054E020 /* HW7.app */,
			);
			name = Products;
			sourceTree = "<group>";
		};
		7A2F82A02B50670D0054E020 /* HW7 */ = {
			isa = PBXGroup;
			children = (
				7A2F82A12B50670D0054E020 /* AppDelegate.swift */,
				7A2F82A32B50670D0054E020 /* SceneDelegate.swift */,
				7A2F82A52B50670D0054E020 /* ViewController.swift */,
				7A2F82B72B506CF10054E020 /* NewPersonController.swift */,
				7A2F82A72B50670D0054E020 /* Main.storyboard */,
				7A2F82B52B5069960054E020 /* PersonCell.swift */,
				7A2F82AA2B50670F0054E020 /* Assets.xcassets */,
				7A2F82AC2B50670F0054E020 /* LaunchScreen.storyboard */,
				7A2F82AF2B50670F0054E020 /* Info.plist */,
			);
			path = HW7;
			sourceTree = "<group>";
		};
/* End PBXGroup section */

/* Begin PBXNativeTarget section */
		7A2F829D2B50670D0054E020 /* HW7 */ = {
			isa = PBXNativeTarget;
			buildConfigurationList = 7A2F82B22B50670F0054E020 /* Build configuration list for PBXNativeTarget "HW7" */;
			buildPhases = (
				A1D1AE468DEC89F558E4CCD2 /* [CP] Check Pods Manifest.lock */,
				7A2F829A2B50670D0054E020 /* Sources */,
				7A2F829B2B50670D0054E020 /* Frameworks */,
				7A2F829C2B50670D0054E020 /* Resources */,
				6975F5764B281CD2F2F78224 /* [CP] Embed Pods Frameworks */,
			);
			buildRules = (
			);
			dependencies = (
			);
			name = HW7;
			productName = HW7;
			productReference = 7A2F829E2B50670D0054E020 /* HW7.app */;
			productType = "com.apple.product-type.application";
		};
/* End PBXNativeTarget section */

/* Begin PBXProject section */
		7A2F82962B50670D0054E020 /* Project object */ = {
			isa = PBXProject;
			attributes = {
				BuildIndependentTargetsInParallel = 1;
				LastSwiftUpdateCheck = 1510;
				LastUpgradeCheck = 1510;
				TargetAttributes = {
					7A2F829D2B50670D0054E020 = {
						CreatedOnToolsVersion = 15.1;
					};
				};
			};
			buildConfigurationList = 7A2F82992B50670D0054E020 /* Build configuration list for PBXProject "HW7" */;
			compatibilityVersion = "Xcode 14.0";
			developmentRegion = en;
			hasScannedForEncodings = 0;
			knownRegions = (
				en,
				Base,
			);
			mainGroup = 7A2F82952B50670D0054E020;
			productRefGroup = 7A2F829F2B50670D0054E020 /* Products */;
			projectDirPath = "";
			projectRoot = "";
			targets = (
				7A2F829D2B50670D0054E020 /* HW7 */,
			);
		};
/* End PBXProject section */

/* Begin PBXResourcesBuildPhase section */
		7A2F829C2B50670D0054E020 /* Resources */ = {
			isa = PBXResourcesBuildPhase;
			buildActionMask = 2147483647;
			files = (
				7A2F82AE2B50670F0054E020 /* LaunchScreen.storyboard in Resources */,
				7A2F82AB2B50670F0054E020 /* Assets.xcassets in Resources */,
				7A2F82A92B50670D0054E020 /* Main.storyboard in Resources */,
			);
			runOnlyForDeploymentPostprocessing = 0;
		};
/* End PBXResourcesBuildPhase section */

/* Begin PBXShellScriptBuildPhase section */
		6975F5764B281CD2F2F78224 /* [CP] Embed Pods Frameworks */ = {
			isa = PBXShellScriptBuildPhase;
			buildActionMask = 2147483647;
			files = (
			);
			inputFileListPaths = (
				"${PODS_ROOT}/Target Support Files/Pods-HW7/Pods-HW7-frameworks-${CONFIGURATION}-input-files.xcfilelist",
			);
			name = "[CP] Embed Pods Frameworks";
			outputFileListPaths = (
				"${PODS_ROOT}/Target Support Files/Pods-HW7/Pods-HW7-frameworks-${CONFIGURATION}-output-files.xcfilelist",
			);
			runOnlyForDeploymentPostprocessing = 0;
			shellPath = /bin/sh;
			shellScript = "\"${PODS_ROOT}/Target Support Files/Pods-HW7/Pods-HW7-frameworks.sh\"\n";
			showEnvVarsInLog = 0;
		};
		A1D1AE468DEC89F558E4CCD2 /* [CP] Check Pods Manifest.lock */ = {
			isa = PBXShellScriptBuildPhase;
			buildActionMask = 2147483647;
			files = (
			);
			inputFileListPaths = (
			);
			inputPaths = (
				"${PODS_PODFILE_DIR_PATH}/Podfile.lock",
				"${PODS_ROOT}/Manifest.lock",
			);
			name = "[CP] Check Pods Manifest.lock";
			outputFileListPaths = (
			);
			outputPaths = (
				"$(DERIVED_FILE_DIR)/Pods-HW7-checkManifestLockResult.txt",
			);
			runOnlyForDeploymentPostprocessing = 0;
			shellPath = /bin/sh;
			shellScript = "diff \"${PODS_PODFILE_DIR_PATH}/Podfile.lock\" \"${PODS_ROOT}/Manifest.lock\" > /dev/null\nif [ $? != 0 ] ; then\n    # print error to STDERR\n    echo \"error: The sandbox is not in sync with the Podfile.lock. Run 'pod install' or update your CocoaPods installation.\" >&2\n    exit 1\nfi\n# This output is used by Xcode 'outputs' to avoid re-running this script phase.\necho \"SUCCESS\" > \"${SCRIPT_OUTPUT_FILE_0}\"\n";
			showEnvVarsInLog = 0;
		};
/* End PBXShellScriptBuildPhase section */

/* Begin PBXSourcesBuildPhase section */
		7A2F829A2B50670D0054E020 /* Sources */ = {
			isa = PBXSourcesBuildPhase;
			buildActionMask = 2147483647;
			files = (
				7A2F82A62B50670D0054E020 /* ViewController.swift in Sources */,
				7A2F82A22B50670D0054E020 /* AppDelegate.swift in Sources */,
				7A2F82B82B506CF10054E020 /* NewPersonController.swift in Sources */,
				7A2F82B62B5069960054E020 /* PersonCell.swift in Sources */,
				7A2F82A42B50670D0054E020 /* SceneDelegate.swift in Sources */,
			);
			runOnlyForDeploymentPostprocessing = 0;
		};
/* End PBXSourcesBuildPhase section */

/* Begin PBXVariantGroup section */
		7A2F82A72B50670D0054E020 /* Main.storyboard */ = {
			isa = PBXVariantGroup;
			children = (
				7A2F82A82B50670D0054E020 /* Base */,
			);
			name = Main.storyboard;
			sourceTree = "<group>";
		};
		7A2F82AC2B50670F0054E020 /* LaunchScreen.storyboard */ = {
			isa = PBXVariantGroup;
			children = (
				7A2F82AD2B50670F0054E020 /* Base */,
			);
			name = LaunchScreen.storyboard;
			sourceTree = "<group>";
		};
/* End PBXVariantGroup section */

/* Begin XCBuildConfiguration section */
		7A2F82B02B50670F0054E020 /* Debug */ = {
			isa = XCBuildConfiguration;
			buildSettings = {
				ALWAYS_SEARCH_USER_PATHS = NO;
				ASSETCATALOG_COMPILER_GENERATE_SWIFT_ASSET_SYMBOL_EXTENSIONS = YES;
				CLANG_ANALYZER_NONNULL = YES;
				CLANG_ANALYZER_NUMBER_OBJECT_CONVERSION = YES_AGGRESSIVE;
				CLANG_CXX_LANGUAGE_STANDARD = "gnu++20";
				CLANG_ENABLE_MODULES = YES;
				CLANG_ENABLE_OBJC_ARC = YES;
				CLANG_ENABLE_OBJC_WEAK = YES;
				CLANG_WARN_BLOCK_CAPTURE_AUTORELEASING = YES;
				CLANG_WARN_BOOL_CONVERSION = YES;
				CLANG_WARN_COMMA = YES;
				CLANG_WARN_CONSTANT_CONVERSION = YES;
				CLANG_WARN_DEPRECATED_OBJC_IMPLEMENTATIONS = YES;
				CLANG_WARN_DIRECT_OBJC_ISA_USAGE = YES_ERROR;
				CLANG_WARN_DOCUMENTATION_COMMENTS = YES;
				CLANG_WARN_EMPTY_BODY = YES;
				CLANG_WARN_ENUM_CONVERSION = YES;
				CLANG_WARN_INFINITE_RECURSION = YES;
				CLANG_WARN_INT_CONVERSION = YES;
				CLANG_WARN_NON_LITERAL_NULL_CONVERSION = YES;
				CLANG_WARN_OBJC_IMPLICIT_RETAIN_SELF = YES;
				CLANG_WARN_OBJC_LITERAL_CONVERSION = YES;
				CLANG_WARN_OBJC_ROOT_CLASS = YES_ERROR;
				CLANG_WARN_QUOTED_INCLUDE_IN_FRAMEWORK_HEADER = YES;
				CLANG_WARN_RANGE_LOOP_ANALYSIS = YES;
				CLANG_WARN_STRICT_PROTOTYPES = YES;
				CLANG_WARN_SUSPICIOUS_MOVE = YES;
				CLANG_WARN_UNGUARDED_AVAILABILITY = YES_AGGRESSIVE;
				CLANG_WARN_UNREACHABLE_CODE = YES;
				CLANG_WARN__DUPLICATE_METHOD_MATCH = YES;
				COPY_PHASE_STRIP = NO;
				DEBUG_INFORMATION_FORMAT = dwarf;
				ENABLE_STRICT_OBJC_MSGSEND = YES;
				ENABLE_TESTABILITY = YES;
				ENABLE_USER_SCRIPT_SANDBOXING = NO;
				GCC_C_LANGUAGE_STANDARD = gnu17;
				GCC_DYNAMIC_NO_PIC = NO;
				GCC_NO_COMMON_BLOCKS = YES;
				GCC_OPTIMIZATION_LEVEL = 0;
				GCC_PREPROCESSOR_DEFINITIONS = (
					"DEBUG=1",
					"$(inherited)",
				);
				GCC_WARN_64_TO_32_BIT_CONVERSION = YES;
				GCC_WARN_ABOUT_RETURN_TYPE = YES_ERROR;
				GCC_WARN_UNDECLARED_SELECTOR = YES;
				GCC_WARN_UNINITIALIZED_AUTOS = YES_AGGRESSIVE;
				GCC_WARN_UNUSED_FUNCTION = YES;
				GCC_WARN_UNUSED_VARIABLE = YES;
				IPHONEOS_DEPLOYMENT_TARGET = 17.2;
				LOCALIZATION_PREFERS_STRING_CATALOGS = YES;
				MTL_ENABLE_DEBUG_INFO = INCLUDE_SOURCE;
				MTL_FAST_MATH = YES;
				ONLY_ACTIVE_ARCH = YES;
				SDKROOT = iphoneos;
				SWIFT_ACTIVE_COMPILATION_CONDITIONS = "DEBUG $(inherited)";
				SWIFT_OPTIMIZATION_LEVEL = "-Onone";
			};
			name = Debug;
		};
		7A2F82B12B50670F0054E020 /* Release */ = {
			isa = XCBuildConfiguration;
			buildSettings = {
				ALWAYS_SEARCH_USER_PATHS = NO;
				ASSETCATALOG_COMPILER_GENERATE_SWIFT_ASSET_SYMBOL_EXTENSIONS = YES;
				CLANG_ANALYZER_NONNULL = YES;
				CLANG_ANALYZER_NUMBER_OBJECT_CONVERSION = YES_AGGRESSIVE;
				CLANG_CXX_LANGUAGE_STANDARD = "gnu++20";
				CLANG_ENABLE_MODULES = YES;
				CLANG_ENABLE_OBJC_ARC = YES;
				CLANG_ENABLE_OBJC_WEAK = YES;
				CLANG_WARN_BLOCK_CAPTURE_AUTORELEASING = YES;
				CLANG_WARN_BOOL_CONVERSION = YES;
				CLANG_WARN_COMMA = YES;
				CLANG_WARN_CONSTANT_CONVERSION = YES;
				CLANG_WARN_DEPRECATED_OBJC_IMPLEMENTATIONS = YES;
				CLANG_WARN_DIRECT_OBJC_ISA_USAGE = YES_ERROR;
				CLANG_WARN_DOCUMENTATION_COMMENTS = YES;
				CLANG_WARN_EMPTY_BODY = YES;
				CLANG_WARN_ENUM_CONVERSION = YES;
				CLANG_WARN_INFINITE_RECURSION = YES;
				CLANG_WARN_INT_CONVERSION = YES;
				CLANG_WARN_NON_LITERAL_NULL_CONVERSION = YES;
				CLANG_WARN_OBJC_IMPLICIT_RETAIN_SELF = YES;
				CLANG_WARN_OBJC_LITERAL_CONVERSION = YES;
				CLANG_WARN_OBJC_ROOT_CLASS = YES_ERROR;
				CLANG_WARN_QUOTED_INCLUDE_IN_FRAMEWORK_HEADER = YES;
				CLANG_WARN_RANGE_LOOP_ANALYSIS = YES;
				CLANG_WARN_STRICT_PROTOTYPES = YES;
				CLANG_WARN_SUSPICIOUS_MOVE = YES;
				CLANG_WARN_UNGUARDED_AVAILABILITY = YES_AGGRESSIVE;
				CLANG_WARN_UNREACHABLE_CODE = YES;
				CLANG_WARN__DUPLICATE_METHOD_MATCH = YES;
				COPY_PHASE_STRIP = NO;
				DEBUG_INFORMATION_FORMAT = "dwarf-with-dsym";
				ENABLE_NS_ASSERTIONS = NO;
				ENABLE_STRICT_OBJC_MSGSEND = YES;
				ENABLE_USER_SCRIPT_SANDBOXING = NO;
				GCC_C_LANGUAGE_STANDARD = gnu17;
				GCC_NO_COMMON_BLOCKS = YES;
				GCC_WARN_64_TO_32_BIT_CONVERSION = YES;
				GCC_WARN_ABOUT_RETURN_TYPE = YES_ERROR;
				GCC_WARN_UNDECLARED_SELECTOR = YES;
				GCC_WARN_UNINITIALIZED_AUTOS = YES_AGGRESSIVE;
				GCC_WARN_UNUSED_FUNCTION = YES;
				GCC_WARN_UNUSED_VARIABLE = YES;
				IPHONEOS_DEPLOYMENT_TARGET = 17.2;
				LOCALIZATION_PREFERS_STRING_CATALOGS = YES;
				MTL_ENABLE_DEBUG_INFO = NO;
				MTL_FAST_MATH = YES;
				SDKROOT = iphoneos;
				SWIFT_COMPILATION_MODE = wholemodule;
				VALIDATE_PRODUCT = YES;
			};
			name = Release;
		};
		7A2F82B32B50670F0054E020 /* Debug */ = {
			isa = XCBuildConfiguration;
			baseConfigurationReference = 878782BAB34F0EC9C68B04D8 /* Pods-HW7.debug.xcconfig */;
			buildSettings = {
				ASSETCATALOG_COMPILER_APPICON_NAME = AppIcon;
				ASSETCATALOG_COMPILER_GLOBAL_ACCENT_COLOR_NAME = AccentColor;
				CODE_SIGN_STYLE = Automatic;
				CURRENT_PROJECT_VERSION = 1;
				DEVELOPMENT_TEAM = 9D45S4H6SM;
				GENERATE_INFOPLIST_FILE = YES;
				INFOPLIST_FILE = HW7/Info.plist;
				INFOPLIST_KEY_UIApplicationSupportsIndirectInputEvents = YES;
				INFOPLIST_KEY_UILaunchStoryboardName = LaunchScreen;
				INFOPLIST_KEY_UIMainStoryboardFile = Main;
				INFOPLIST_KEY_UISupportedInterfaceOrientations_iPad = "UIInterfaceOrientationPortrait UIInterfaceOrientationPortraitUpsideDown UIInterfaceOrientationLandscapeLeft UIInterfaceOrientationLandscapeRight";
				INFOPLIST_KEY_UISupportedInterfaceOrientations_iPhone = "UIInterfaceOrientationPortrait UIInterfaceOrientationLandscapeLeft UIInterfaceOrientationLandscapeRight";
				LD_RUNPATH_SEARCH_PATHS = (
					"$(inherited)",
					"@executable_path/Frameworks",
				);
				MARKETING_VERSION = 1.0;
				PRODUCT_BUNDLE_IDENTIFIER = strkglya108.HW7;
				PRODUCT_NAME = "$(TARGET_NAME)";
				SWIFT_EMIT_LOC_STRINGS = YES;
				SWIFT_VERSION = 5.0;
				TARGETED_DEVICE_FAMILY = "1,2";
			};
			name = Debug;
		};
		7A2F82B42B50670F0054E020 /* Release */ = {
			isa = XCBuildConfiguration;
			baseConfigurationReference = 65FBC2E1F19470F6E9F29247 /* Pods-HW7.release.xcconfig */;
			buildSettings = {
				ASSETCATALOG_COMPILER_APPICON_NAME = AppIcon;
				ASSETCATALOG_COMPILER_GLOBAL_ACCENT_COLOR_NAME = AccentColor;
				CODE_SIGN_STYLE = Automatic;
				CURRENT_PROJECT_VERSION = 1;
				DEVELOPMENT_TEAM = 9D45S4H6SM;
				GENERATE_INFOPLIST_FILE = YES;
				INFOPLIST_FILE = HW7/Info.plist;
				INFOPLIST_KEY_UIApplicationSupportsIndirectInputEvents = YES;
				INFOPLIST_KEY_UILaunchStoryboardName = LaunchScreen;
				INFOPLIST_KEY_UIMainStoryboardFile = Main;
				INFOPLIST_KEY_UISupportedInterfaceOrientations_iPad = "UIInterfaceOrientationPortrait UIInterfaceOrientationPortraitUpsideDown UIInterfaceOrientationLandscapeLeft UIInterfaceOrientationLandscapeRight";
				INFOPLIST_KEY_UISupportedInterfaceOrientations_iPhone = "UIInterfaceOrientationPortrait UIInterfaceOrientationLandscapeLeft UIInterfaceOrientationLandscapeRight";
				LD_RUNPATH_SEARCH_PATHS = (
					"$(inherited)",
					"@executable_path/Frameworks",
				);
				MARKETING_VERSION = 1.0;
				PRODUCT_BUNDLE_IDENTIFIER = strkglya108.HW7;
				PRODUCT_NAME = "$(TARGET_NAME)";
				SWIFT_EMIT_LOC_STRINGS = YES;
				SWIFT_VERSION = 5.0;
				TARGETED_DEVICE_FAMILY = "1,2";
			};
			name = Release;
		};
/* End XCBuildConfiguration section */

/* Begin XCConfigurationList section */
		7A2F82992B50670D0054E020 /* Build configuration list for PBXProject "HW7" */ = {
			isa = XCConfigurationList;
			buildConfigurations = (
				7A2F82B02B50670F0054E020 /* Debug */,
				7A2F82B12B50670F0054E020 /* Release */,
			);
			defaultConfigurationIsVisible = 0;
			defaultConfigurationName = Release;
		};
		7A2F82B22B50670F0054E020 /* Build configuration list for PBXNativeTarget "HW7" */ = {
			isa = XCConfigurationList;
			buildConfigurations = (
				7A2F82B32B50670F0054E020 /* Debug */,
				7A2F82B42B50670F0054E020 /* Release */,
			);
			defaultConfigurationIsVisible = 0;
			defaultConfigurationName = Release;
		};
/* End XCConfigurationList section */
	};
	rootObject = 7A2F82962B50670D0054E020 /* Project object */;
}
