// !$*UTF8*$!
{
	archiveVersion = 1;
	classes = {
	};
	objectVersion = 56;
	objects = {

/* Begin PBXBuildFile section */
		7AB4E1972B6D1F7F00A89B87 /* AppDelegate.swift in Sources */ = {isa = PBXBuildFile; fileRef = 7AB4E1962B6D1F7F00A89B87 /* AppDelegate.swift */; };
		7AB4E1992B6D1F7F00A89B87 /* SceneDelegate.swift in Sources */ = {isa = PBXBuildFile; fileRef = 7AB4E1982B6D1F7F00A89B87 /* SceneDelegate.swift */; };
		7AB4E19B2B6D1F7F00A89B87 /* ViewController.swift in Sources */ = {isa = PBXBuildFile; fileRef = 7AB4E19A2B6D1F7F00A89B87 /* ViewController.swift */; };
		7AB4E19E2B6D1F7F00A89B87 /* Main.storyboard in Resources */ = {isa = PBXBuildFile; fileRef = 7AB4E19C2B6D1F7F00A89B87 /* Main.storyboard */; };
		7AB4E1A12B6D1F7F00A89B87 /* HW8.xcdatamodeld in Sources */ = {isa = PBXBuildFile; fileRef = 7AB4E19F2B6D1F7F00A89B87 /* HW8.xcdatamodeld */; };
		7AB4E1A32B6D1F8100A89B87 /* Assets.xcassets in Resources */ = {isa = PBXBuildFile; fileRef = 7AB4E1A22B6D1F8100A89B87 /* Assets.xcassets */; };
		7AB4E1A62B6D1F8100A89B87 /* LaunchScreen.storyboard in Resources */ = {isa = PBXBuildFile; fileRef = 7AB4E1A42B6D1F8100A89B87 /* LaunchScreen.storyboard */; };
		7AB4E1B22B6D2D8900A89B87 /* NewStudentController.swift in Sources */ = {isa = PBXBuildFile; fileRef = 7AB4E1B12B6D2D8900A89B87 /* NewStudentController.swift */; };
		7AB4E1B42B6D43E100A89B87 /* ChoiceController.swift in Sources */ = {isa = PBXBuildFile; fileRef = 7AB4E1B32B6D43E100A89B87 /* ChoiceController.swift */; };
		7AB4E1B82B6D746D00A89B87 /* Creator.swift in Sources */ = {isa = PBXBuildFile; fileRef = 7AB4E1B72B6D746D00A89B87 /* Creator.swift */; };
		7AB4E1BA2B6D74E500A89B87 /* Constant.swift in Sources */ = {isa = PBXBuildFile; fileRef = 7AB4E1B92B6D74E500A89B87 /* Constant.swift */; };
		7AB4E1BD2B6E930800A89B87 /* TeacherTableVC.swift in Sources */ = {isa = PBXBuildFile; fileRef = 7AB4E1BC2B6E930800A89B87 /* TeacherTableVC.swift */; };
		7AB4E1EC2B6E991800A89B87 /* BasicCell.swift in Sources */ = {isa = PBXBuildFile; fileRef = 7AB4E1EB2B6E991800A89B87 /* BasicCell.swift */; };
		7AB4E1EE2B6EA0BB00A89B87 /* Protocols.swift in Sources */ = {isa = PBXBuildFile; fileRef = 7AB4E1ED2B6EA0BB00A89B87 /* Protocols.swift */; };
		7AB4E1F22B6EA73A00A89B87 /* NewTeacherController.swift in Sources */ = {isa = PBXBuildFile; fileRef = 7AB4E1F12B6EA73A00A89B87 /* NewTeacherController.swift */; };
		7AB4E1FD2B70127700A89B87 /* CoreDataService.swift in Sources */ = {isa = PBXBuildFile; fileRef = 7AB4E1FC2B70127700A89B87 /* CoreDataService.swift */; };
		7ADFAE0F2B7025DA00F61985 /* Teacher+CoreDataClass.swift in Sources */ = {isa = PBXBuildFile; fileRef = 7ADFAE0D2B7025DA00F61985 /* Teacher+CoreDataClass.swift */; };
		7ADFAE102B7025DA00F61985 /* Teacher+CoreDataProperties.swift in Sources */ = {isa = PBXBuildFile; fileRef = 7ADFAE0E2B7025DA00F61985 /* Teacher+CoreDataProperties.swift */; };
		7ADFAE112B7025DA00F61985 /* Student+CoreDataClass.swift in Sources */ = {isa = PBXBuildFile; fileRef = 7ADFAE0C2B7025D900F61985 /* Student+CoreDataClass.swift */; };
		7ADFAE122B7025DA00F61985 /* Student+CoreDataProperties.swift in Sources */ = {isa = PBXBuildFile; fileRef = 7ADFAE0B2B7025D900F61985 /* Student+CoreDataProperties.swift */; };
		7ADFAE412B73B38C00F61985 /* StudentDetails.swift in Sources */ = {isa = PBXBuildFile; fileRef = 7ADFAE402B73B38C00F61985 /* StudentDetails.swift */; };
		7ADFAE432B73BBAA00F61985 /* TeacherDetails.swift in Sources */ = {isa = PBXBuildFile; fileRef = 7ADFAE422B73BBAA00F61985 /* TeacherDetails.swift */; };
		B83E4A7172A2505CD1467102 /* Pods_HW8.framework in Frameworks */ = {isa = PBXBuildFile; fileRef = 4C1F53C087B041C28B3A55D7 /* Pods_HW8.framework */; };
/* End PBXBuildFile section */

/* Begin PBXFileReference section */
		0CE736D56522197F17E0E3FD /* Pods-HW8.release.xcconfig */ = {isa = PBXFileReference; includeInIndex = 1; lastKnownFileType = text.xcconfig; name = "Pods-HW8.release.xcconfig"; path = "Target Support Files/Pods-HW8/Pods-HW8.release.xcconfig"; sourceTree = "<group>"; };
		404116AED4F763947A02BCEF /* Pods-HW8.debug.xcconfig */ = {isa = PBXFileReference; includeInIndex = 1; lastKnownFileType = text.xcconfig; name = "Pods-HW8.debug.xcconfig"; path = "Target Support Files/Pods-HW8/Pods-HW8.debug.xcconfig"; sourceTree = "<group>"; };
		4C1F53C087B041C28B3A55D7 /* Pods_HW8.framework */ = {isa = PBXFileReference; explicitFileType = wrapper.framework; includeInIndex = 0; path = Pods_HW8.framework; sourceTree = BUILT_PRODUCTS_DIR; };
		7AB4E1932B6D1F7F00A89B87 /* HW8.app */ = {isa = PBXFileReference; explicitFileType = wrapper.application; includeInIndex = 0; path = HW8.app; sourceTree = BUILT_PRODUCTS_DIR; };
		7AB4E1962B6D1F7F00A89B87 /* AppDelegate.swift */ = {isa = PBXFileReference; lastKnownFileType = sourcecode.swift; path = AppDelegate.swift; sourceTree = "<group>"; };
		7AB4E1982B6D1F7F00A89B87 /* SceneDelegate.swift */ = {isa = PBXFileReference; lastKnownFileType = sourcecode.swift; path = SceneDelegate.swift; sourceTree = "<group>"; };
		7AB4E19A2B6D1F7F00A89B87 /* ViewController.swift */ = {isa = PBXFileReference; lastKnownFileType = sourcecode.swift; path = ViewController.swift; sourceTree = "<group>"; };
		7AB4E19D2B6D1F7F00A89B87 /* Base */ = {isa = PBXFileReference; lastKnownFileType = file.storyboard; name = Base; path = Base.lproj/Main.storyboard; sourceTree = "<group>"; };
		7AB4E1A02B6D1F7F00A89B87 /* HW8.xcdatamodel */ = {isa = PBXFileReference; lastKnownFileType = wrapper.xcdatamodel; path = HW8.xcdatamodel; sourceTree = "<group>"; };
		7AB4E1A22B6D1F8100A89B87 /* Assets.xcassets */ = {isa = PBXFileReference; lastKnownFileType = folder.assetcatalog; path = Assets.xcassets; sourceTree = "<group>"; };
		7AB4E1A52B6D1F8100A89B87 /* Base */ = {isa = PBXFileReference; lastKnownFileType = file.storyboard; name = Base; path = Base.lproj/LaunchScreen.storyboard; sourceTree = "<group>"; };
		7AB4E1A72B6D1F8100A89B87 /* Info.plist */ = {isa = PBXFileReference; lastKnownFileType = text.plist.xml; path = Info.plist; sourceTree = "<group>"; };
		7AB4E1B12B6D2D8900A89B87 /* NewStudentController.swift */ = {isa = PBXFileReference; lastKnownFileType = sourcecode.swift; path = NewStudentController.swift; sourceTree = "<group>"; };
		7AB4E1B32B6D43E100A89B87 /* ChoiceController.swift */ = {isa = PBXFileReference; lastKnownFileType = sourcecode.swift; path = ChoiceController.swift; sourceTree = "<group>"; };
		7AB4E1B72B6D746D00A89B87 /* Creator.swift */ = {isa = PBXFileReference; lastKnownFileType = sourcecode.swift; path = Creator.swift; sourceTree = "<group>"; };
		7AB4E1B92B6D74E500A89B87 /* Constant.swift */ = {isa = PBXFileReference; lastKnownFileType = sourcecode.swift; path = Constant.swift; sourceTree = "<group>"; };
		7AB4E1BC2B6E930800A89B87 /* TeacherTableVC.swift */ = {isa = PBXFileReference; lastKnownFileType = sourcecode.swift; path = TeacherTableVC.swift; sourceTree = "<group>"; };
		7AB4E1EB2B6E991800A89B87 /* BasicCell.swift */ = {isa = PBXFileReference; lastKnownFileType = sourcecode.swift; path = BasicCell.swift; sourceTree = "<group>"; };
		7AB4E1ED2B6EA0BB00A89B87 /* Protocols.swift */ = {isa = PBXFileReference; lastKnownFileType = sourcecode.swift; path = Protocols.swift; sourceTree = "<group>"; };
		7AB4E1F12B6EA73A00A89B87 /* NewTeacherController.swift */ = {isa = PBXFileReference; lastKnownFileType = sourcecode.swift; path = NewTeacherController.swift; sourceTree = "<group>"; };
		7AB4E1FC2B70127700A89B87 /* CoreDataService.swift */ = {isa = PBXFileReference; lastKnownFileType = sourcecode.swift; path = CoreDataService.swift; sourceTree = "<group>"; };
		7ADFAE0B2B7025D900F61985 /* Student+CoreDataProperties.swift */ = {isa = PBXFileReference; lastKnownFileType = sourcecode.swift; name = "Student+CoreDataProperties.swift"; path = "/Users/starayakeglua/Desktop/itAcademy/HW/AboutMeLocal/HW8/HW8/CoreData/Student+CoreDataProperties.swift"; sourceTree = "<absolute>"; };
		7ADFAE0C2B7025D900F61985 /* Student+CoreDataClass.swift */ = {isa = PBXFileReference; lastKnownFileType = sourcecode.swift; name = "Student+CoreDataClass.swift"; path = "/Users/starayakeglua/Desktop/itAcademy/HW/AboutMeLocal/HW8/HW8/CoreData/Student+CoreDataClass.swift"; sourceTree = "<absolute>"; };
		7ADFAE0D2B7025DA00F61985 /* Teacher+CoreDataClass.swift */ = {isa = PBXFileReference; lastKnownFileType = sourcecode.swift; name = "Teacher+CoreDataClass.swift"; path = "/Users/starayakeglua/Desktop/itAcademy/HW/AboutMeLocal/HW8/HW8/CoreData/Teacher+CoreDataClass.swift"; sourceTree = "<absolute>"; };
		7ADFAE0E2B7025DA00F61985 /* Teacher+CoreDataProperties.swift */ = {isa = PBXFileReference; lastKnownFileType = sourcecode.swift; name = "Teacher+CoreDataProperties.swift"; path = "/Users/starayakeglua/Desktop/itAcademy/HW/AboutMeLocal/HW8/HW8/CoreData/Teacher+CoreDataProperties.swift"; sourceTree = "<absolute>"; };
		7ADFAE402B73B38C00F61985 /* StudentDetails.swift */ = {isa = PBXFileReference; lastKnownFileType = sourcecode.swift; path = StudentDetails.swift; sourceTree = "<group>"; };
		7ADFAE422B73BBAA00F61985 /* TeacherDetails.swift */ = {isa = PBXFileReference; lastKnownFileType = sourcecode.swift; path = TeacherDetails.swift; sourceTree = "<group>"; };
/* End PBXFileReference section */

/* Begin PBXFrameworksBuildPhase section */
		7AB4E1902B6D1F7F00A89B87 /* Frameworks */ = {
			isa = PBXFrameworksBuildPhase;
			buildActionMask = 2147483647;
			files = (
				B83E4A7172A2505CD1467102 /* Pods_HW8.framework in Frameworks */,
			);
			runOnlyForDeploymentPostprocessing = 0;
		};
/* End PBXFrameworksBuildPhase section */

/* Begin PBXGroup section */
		00E5980A348AF95BEA1D2DC7 /* Pods */ = {
			isa = PBXGroup;
			children = (
				404116AED4F763947A02BCEF /* Pods-HW8.debug.xcconfig */,
				0CE736D56522197F17E0E3FD /* Pods-HW8.release.xcconfig */,
			);
			path = Pods;
			sourceTree = "<group>";
		};
		557B063A31D717088E6FB5AA /* Frameworks */ = {
			isa = PBXGroup;
			children = (
				4C1F53C087B041C28B3A55D7 /* Pods_HW8.framework */,
			);
			name = Frameworks;
			sourceTree = "<group>";
		};
		7AB4E18A2B6D1F7F00A89B87 = {
			isa = PBXGroup;
			children = (
				7AB4E1952B6D1F7F00A89B87 /* HW8 */,
				7AB4E1942B6D1F7F00A89B87 /* Products */,
				00E5980A348AF95BEA1D2DC7 /* Pods */,
				557B063A31D717088E6FB5AA /* Frameworks */,
			);
			sourceTree = "<group>";
		};
		7AB4E1942B6D1F7F00A89B87 /* Products */ = {
			isa = PBXGroup;
			children = (
				7AB4E1932B6D1F7F00A89B87 /* HW8.app */,
			);
			name = Products;
			sourceTree = "<group>";
		};
		7AB4E1952B6D1F7F00A89B87 /* HW8 */ = {
			isa = PBXGroup;
			children = (
				7AB4E1962B6D1F7F00A89B87 /* AppDelegate.swift */,
				7AB4E1982B6D1F7F00A89B87 /* SceneDelegate.swift */,
				7AB4E1B32B6D43E100A89B87 /* ChoiceController.swift */,
				7AB4E1F32B6EE03F00A89B87 /* CoreData */,
				7AB4E1B62B6D745100A89B87 /* Helper */,
				7AB4E1B52B6D73FA00A89B87 /* Student */,
				7AB4E1BB2B6E92C600A89B87 /* Teacher */,
				7AB4E19C2B6D1F7F00A89B87 /* Main.storyboard */,
				7AB4E1A22B6D1F8100A89B87 /* Assets.xcassets */,
				7AB4E1A42B6D1F8100A89B87 /* LaunchScreen.storyboard */,
				7AB4E1A72B6D1F8100A89B87 /* Info.plist */,
				7AB4E19F2B6D1F7F00A89B87 /* HW8.xcdatamodeld */,
			);
			path = HW8;
			sourceTree = "<group>";
		};
		7AB4E1B52B6D73FA00A89B87 /* Student */ = {
			isa = PBXGroup;
			children = (
				7AB4E1B12B6D2D8900A89B87 /* NewStudentController.swift */,
				7AB4E19A2B6D1F7F00A89B87 /* ViewController.swift */,
				7ADFAE402B73B38C00F61985 /* StudentDetails.swift */,
			);
			path = Student;
			sourceTree = "<group>";
		};
		7AB4E1B62B6D745100A89B87 /* Helper */ = {
			isa = PBXGroup;
			children = (
				7AB4E1B72B6D746D00A89B87 /* Creator.swift */,
				7AB4E1B92B6D74E500A89B87 /* Constant.swift */,
				7AB4E1EB2B6E991800A89B87 /* BasicCell.swift */,
				7AB4E1ED2B6EA0BB00A89B87 /* Protocols.swift */,
			);
			path = Helper;
			sourceTree = "<group>";
		};
		7AB4E1BB2B6E92C600A89B87 /* Teacher */ = {
			isa = PBXGroup;
			children = (
				7AB4E1BC2B6E930800A89B87 /* TeacherTableVC.swift */,
				7AB4E1F12B6EA73A00A89B87 /* NewTeacherController.swift */,
				7ADFAE422B73BBAA00F61985 /* TeacherDetails.swift */,
			);
			path = Teacher;
			sourceTree = "<group>";
		};
		7AB4E1F32B6EE03F00A89B87 /* CoreData */ = {
			isa = PBXGroup;
			children = (
				7ADFAE0C2B7025D900F61985 /* Student+CoreDataClass.swift */,
				7ADFAE0B2B7025D900F61985 /* Student+CoreDataProperties.swift */,
				7ADFAE0D2B7025DA00F61985 /* Teacher+CoreDataClass.swift */,
				7ADFAE0E2B7025DA00F61985 /* Teacher+CoreDataProperties.swift */,
				7AB4E1FC2B70127700A89B87 /* CoreDataService.swift */,
			);
			path = CoreData;
			sourceTree = "<group>";
		};
/* End PBXGroup section */

/* Begin PBXNativeTarget section */
		7AB4E1922B6D1F7F00A89B87 /* HW8 */ = {
			isa = PBXNativeTarget;
			buildConfigurationList = 7AB4E1AA2B6D1F8100A89B87 /* Build configuration list for PBXNativeTarget "HW8" */;
			buildPhases = (
				DD2147C7AE1041B01654360E /* [CP] Check Pods Manifest.lock */,
				7AB4E18F2B6D1F7F00A89B87 /* Sources */,
				7AB4E1902B6D1F7F00A89B87 /* Frameworks */,
				7AB4E1912B6D1F7F00A89B87 /* Resources */,
				268889C737B70DF0F948F818 /* [CP] Embed Pods Frameworks */,
			);
			buildRules = (
			);
			dependencies = (
			);
			name = HW8;
			productName = HW8;
			productReference = 7AB4E1932B6D1F7F00A89B87 /* HW8.app */;
			productType = "com.apple.product-type.application";
		};
/* End PBXNativeTarget section */

/* Begin PBXProject section */
		7AB4E18B2B6D1F7F00A89B87 /* Project object */ = {
			isa = PBXProject;
			attributes = {
				BuildIndependentTargetsInParallel = 1;
				LastSwiftUpdateCheck = 1520;
				LastUpgradeCheck = 1520;
				TargetAttributes = {
					7AB4E1922B6D1F7F00A89B87 = {
						CreatedOnToolsVersion = 15.2;
					};
				};
			};
			buildConfigurationList = 7AB4E18E2B6D1F7F00A89B87 /* Build configuration list for PBXProject "HW8" */;
			compatibilityVersion = "Xcode 14.0";
			developmentRegion = en;
			hasScannedForEncodings = 0;
			knownRegions = (
				en,
				Base,
			);
			mainGroup = 7AB4E18A2B6D1F7F00A89B87;
			productRefGroup = 7AB4E1942B6D1F7F00A89B87 /* Products */;
			projectDirPath = "";
			projectRoot = "";
			targets = (
				7AB4E1922B6D1F7F00A89B87 /* HW8 */,
			);
		};
/* End PBXProject section */

/* Begin PBXResourcesBuildPhase section */
		7AB4E1912B6D1F7F00A89B87 /* Resources */ = {
			isa = PBXResourcesBuildPhase;
			buildActionMask = 2147483647;
			files = (
				7AB4E1A62B6D1F8100A89B87 /* LaunchScreen.storyboard in Resources */,
				7AB4E1A32B6D1F8100A89B87 /* Assets.xcassets in Resources */,
				7AB4E19E2B6D1F7F00A89B87 /* Main.storyboard in Resources */,
			);
			runOnlyForDeploymentPostprocessing = 0;
		};
/* End PBXResourcesBuildPhase section */

/* Begin PBXShellScriptBuildPhase section */
		268889C737B70DF0F948F818 /* [CP] Embed Pods Frameworks */ = {
			isa = PBXShellScriptBuildPhase;
			buildActionMask = 2147483647;
			files = (
			);
			inputFileListPaths = (
				"${PODS_ROOT}/Target Support Files/Pods-HW8/Pods-HW8-frameworks-${CONFIGURATION}-input-files.xcfilelist",
			);
			name = "[CP] Embed Pods Frameworks";
			outputFileListPaths = (
				"${PODS_ROOT}/Target Support Files/Pods-HW8/Pods-HW8-frameworks-${CONFIGURATION}-output-files.xcfilelist",
			);
			runOnlyForDeploymentPostprocessing = 0;
			shellPath = /bin/sh;
			shellScript = "\"${PODS_ROOT}/Target Support Files/Pods-HW8/Pods-HW8-frameworks.sh\"\n";
			showEnvVarsInLog = 0;
		};
		DD2147C7AE1041B01654360E /* [CP] Check Pods Manifest.lock */ = {
			isa = PBXShellScriptBuildPhase;
			buildActionMask = 2147483647;
			files = (
			);
			inputFileListPaths = (
			);
			inputPaths = (
				"${PODS_PODFILE_DIR_PATH}/Podfile.lock",
				"${PODS_ROOT}/Manifest.lock",
			);
			name = "[CP] Check Pods Manifest.lock";
			outputFileListPaths = (
			);
			outputPaths = (
				"$(DERIVED_FILE_DIR)/Pods-HW8-checkManifestLockResult.txt",
			);
			runOnlyForDeploymentPostprocessing = 0;
			shellPath = /bin/sh;
			shellScript = "diff \"${PODS_PODFILE_DIR_PATH}/Podfile.lock\" \"${PODS_ROOT}/Manifest.lock\" > /dev/null\nif [ $? != 0 ] ; then\n    # print error to STDERR\n    echo \"error: The sandbox is not in sync with the Podfile.lock. Run 'pod install' or update your CocoaPods installation.\" >&2\n    exit 1\nfi\n# This output is used by Xcode 'outputs' to avoid re-running this script phase.\necho \"SUCCESS\" > \"${SCRIPT_OUTPUT_FILE_0}\"\n";
			showEnvVarsInLog = 0;
		};
/* End PBXShellScriptBuildPhase section */

/* Begin PBXSourcesBuildPhase section */
		7AB4E18F2B6D1F7F00A89B87 /* Sources */ = {
			isa = PBXSourcesBuildPhase;
			buildActionMask = 2147483647;
			files = (
				7ADFAE432B73BBAA00F61985 /* TeacherDetails.swift in Sources */,
				7ADFAE102B7025DA00F61985 /* Teacher+CoreDataProperties.swift in Sources */,
				7ADFAE112B7025DA00F61985 /* Student+CoreDataClass.swift in Sources */,
				7ADFAE412B73B38C00F61985 /* StudentDetails.swift in Sources */,
				7AB4E1FD2B70127700A89B87 /* CoreDataService.swift in Sources */,
				7AB4E1B42B6D43E100A89B87 /* ChoiceController.swift in Sources */,
				7AB4E19B2B6D1F7F00A89B87 /* ViewController.swift in Sources */,
				7AB4E1972B6D1F7F00A89B87 /* AppDelegate.swift in Sources */,
				7AB4E1F22B6EA73A00A89B87 /* NewTeacherController.swift in Sources */,
				7ADFAE122B7025DA00F61985 /* Student+CoreDataProperties.swift in Sources */,
				7AB4E1992B6D1F7F00A89B87 /* SceneDelegate.swift in Sources */,
				7AB4E1EC2B6E991800A89B87 /* BasicCell.swift in Sources */,
				7AB4E1B22B6D2D8900A89B87 /* NewStudentController.swift in Sources */,
				7AB4E1EE2B6EA0BB00A89B87 /* Protocols.swift in Sources */,
				7AB4E1BD2B6E930800A89B87 /* TeacherTableVC.swift in Sources */,
				7AB4E1BA2B6D74E500A89B87 /* Constant.swift in Sources */,
				7AB4E1B82B6D746D00A89B87 /* Creator.swift in Sources */,
				7ADFAE0F2B7025DA00F61985 /* Teacher+CoreDataClass.swift in Sources */,
				7AB4E1A12B6D1F7F00A89B87 /* HW8.xcdatamodeld in Sources */,
			);
			runOnlyForDeploymentPostprocessing = 0;
		};
/* End PBXSourcesBuildPhase section */

/* Begin PBXVariantGroup section */
		7AB4E19C2B6D1F7F00A89B87 /* Main.storyboard */ = {
			isa = PBXVariantGroup;
			children = (
				7AB4E19D2B6D1F7F00A89B87 /* Base */,
			);
			name = Main.storyboard;
			sourceTree = "<group>";
		};
		7AB4E1A42B6D1F8100A89B87 /* LaunchScreen.storyboard */ = {
			isa = PBXVariantGroup;
			children = (
				7AB4E1A52B6D1F8100A89B87 /* Base */,
			);
			name = LaunchScreen.storyboard;
			sourceTree = "<group>";
		};
/* End PBXVariantGroup section */

/* Begin XCBuildConfiguration section */
		7AB4E1A82B6D1F8100A89B87 /* Debug */ = {
			isa = XCBuildConfiguration;
			buildSettings = {
				ALWAYS_SEARCH_USER_PATHS = NO;
				ASSETCATALOG_COMPILER_GENERATE_SWIFT_ASSET_SYMBOL_EXTENSIONS = YES;
				CLANG_ANALYZER_NONNULL = YES;
				CLANG_ANALYZER_NUMBER_OBJECT_CONVERSION = YES_AGGRESSIVE;
				CLANG_CXX_LANGUAGE_STANDARD = "gnu++20";
				CLANG_ENABLE_MODULES = YES;
				CLANG_ENABLE_OBJC_ARC = YES;
				CLANG_ENABLE_OBJC_WEAK = YES;
				CLANG_WARN_BLOCK_CAPTURE_AUTORELEASING = YES;
				CLANG_WARN_BOOL_CONVERSION = YES;
				CLANG_WARN_COMMA = YES;
				CLANG_WARN_CONSTANT_CONVERSION = YES;
				CLANG_WARN_DEPRECATED_OBJC_IMPLEMENTATIONS = YES;
				CLANG_WARN_DIRECT_OBJC_ISA_USAGE = YES_ERROR;
				CLANG_WARN_DOCUMENTATION_COMMENTS = YES;
				CLANG_WARN_EMPTY_BODY = YES;
				CLANG_WARN_ENUM_CONVERSION = YES;
				CLANG_WARN_INFINITE_RECURSION = YES;
				CLANG_WARN_INT_CONVERSION = YES;
				CLANG_WARN_NON_LITERAL_NULL_CONVERSION = YES;
				CLANG_WARN_OBJC_IMPLICIT_RETAIN_SELF = YES;
				CLANG_WARN_OBJC_LITERAL_CONVERSION = YES;
				CLANG_WARN_OBJC_ROOT_CLASS = YES_ERROR;
				CLANG_WARN_QUOTED_INCLUDE_IN_FRAMEWORK_HEADER = YES;
				CLANG_WARN_RANGE_LOOP_ANALYSIS = YES;
				CLANG_WARN_STRICT_PROTOTYPES = YES;
				CLANG_WARN_SUSPICIOUS_MOVE = YES;
				CLANG_WARN_UNGUARDED_AVAILABILITY = YES_AGGRESSIVE;
				CLANG_WARN_UNREACHABLE_CODE = YES;
				CLANG_WARN__DUPLICATE_METHOD_MATCH = YES;
				COPY_PHASE_STRIP = NO;
				DEBUG_INFORMATION_FORMAT = dwarf;
				ENABLE_STRICT_OBJC_MSGSEND = YES;
				ENABLE_TESTABILITY = YES;
				ENABLE_USER_SCRIPT_SANDBOXING = NO;
				GCC_C_LANGUAGE_STANDARD = gnu17;
				GCC_DYNAMIC_NO_PIC = NO;
				GCC_NO_COMMON_BLOCKS = YES;
				GCC_OPTIMIZATION_LEVEL = 0;
				GCC_PREPROCESSOR_DEFINITIONS = (
					"DEBUG=1",
					"$(inherited)",
				);
				GCC_WARN_64_TO_32_BIT_CONVERSION = YES;
				GCC_WARN_ABOUT_RETURN_TYPE = YES_ERROR;
				GCC_WARN_UNDECLARED_SELECTOR = YES;
				GCC_WARN_UNINITIALIZED_AUTOS = YES_AGGRESSIVE;
				GCC_WARN_UNUSED_FUNCTION = YES;
				GCC_WARN_UNUSED_VARIABLE = YES;
				IPHONEOS_DEPLOYMENT_TARGET = 17.2;
				LOCALIZATION_PREFERS_STRING_CATALOGS = YES;
				MTL_ENABLE_DEBUG_INFO = INCLUDE_SOURCE;
				MTL_FAST_MATH = YES;
				ONLY_ACTIVE_ARCH = YES;
				SDKROOT = iphoneos;
				SWIFT_ACTIVE_COMPILATION_CONDITIONS = "DEBUG $(inherited)";
				SWIFT_OPTIMIZATION_LEVEL = "-Onone";
			};
			name = Debug;
		};
		7AB4E1A92B6D1F8100A89B87 /* Release */ = {
			isa = XCBuildConfiguration;
			buildSettings = {
				ALWAYS_SEARCH_USER_PATHS = NO;
				ASSETCATALOG_COMPILER_GENERATE_SWIFT_ASSET_SYMBOL_EXTENSIONS = YES;
				CLANG_ANALYZER_NONNULL = YES;
				CLANG_ANALYZER_NUMBER_OBJECT_CONVERSION = YES_AGGRESSIVE;
				CLANG_CXX_LANGUAGE_STANDARD = "gnu++20";
				CLANG_ENABLE_MODULES = YES;
				CLANG_ENABLE_OBJC_ARC = YES;
				CLANG_ENABLE_OBJC_WEAK = YES;
				CLANG_WARN_BLOCK_CAPTURE_AUTORELEASING = YES;
				CLANG_WARN_BOOL_CONVERSION = YES;
				CLANG_WARN_COMMA = YES;
				CLANG_WARN_CONSTANT_CONVERSION = YES;
				CLANG_WARN_DEPRECATED_OBJC_IMPLEMENTATIONS = YES;
				CLANG_WARN_DIRECT_OBJC_ISA_USAGE = YES_ERROR;
				CLANG_WARN_DOCUMENTATION_COMMENTS = YES;
				CLANG_WARN_EMPTY_BODY = YES;
				CLANG_WARN_ENUM_CONVERSION = YES;
				CLANG_WARN_INFINITE_RECURSION = YES;
				CLANG_WARN_INT_CONVERSION = YES;
				CLANG_WARN_NON_LITERAL_NULL_CONVERSION = YES;
				CLANG_WARN_OBJC_IMPLICIT_RETAIN_SELF = YES;
				CLANG_WARN_OBJC_LITERAL_CONVERSION = YES;
				CLANG_WARN_OBJC_ROOT_CLASS = YES_ERROR;
				CLANG_WARN_QUOTED_INCLUDE_IN_FRAMEWORK_HEADER = YES;
				CLANG_WARN_RANGE_LOOP_ANALYSIS = YES;
				CLANG_WARN_STRICT_PROTOTYPES = YES;
				CLANG_WARN_SUSPICIOUS_MOVE = YES;
				CLANG_WARN_UNGUARDED_AVAILABILITY = YES_AGGRESSIVE;
				CLANG_WARN_UNREACHABLE_CODE = YES;
				CLANG_WARN__DUPLICATE_METHOD_MATCH = YES;
				COPY_PHASE_STRIP = NO;
				DEBUG_INFORMATION_FORMAT = "dwarf-with-dsym";
				ENABLE_NS_ASSERTIONS = NO;
				ENABLE_STRICT_OBJC_MSGSEND = YES;
				ENABLE_USER_SCRIPT_SANDBOXING = NO;
				GCC_C_LANGUAGE_STANDARD = gnu17;
				GCC_NO_COMMON_BLOCKS = YES;
				GCC_WARN_64_TO_32_BIT_CONVERSION = YES;
				GCC_WARN_ABOUT_RETURN_TYPE = YES_ERROR;
				GCC_WARN_UNDECLARED_SELECTOR = YES;
				GCC_WARN_UNINITIALIZED_AUTOS = YES_AGGRESSIVE;
				GCC_WARN_UNUSED_FUNCTION = YES;
				GCC_WARN_UNUSED_VARIABLE = YES;
				IPHONEOS_DEPLOYMENT_TARGET = 17.2;
				LOCALIZATION_PREFERS_STRING_CATALOGS = YES;
				MTL_ENABLE_DEBUG_INFO = NO;
				MTL_FAST_MATH = YES;
				SDKROOT = iphoneos;
				SWIFT_COMPILATION_MODE = wholemodule;
				VALIDATE_PRODUCT = YES;
			};
			name = Release;
		};
		7AB4E1AB2B6D1F8100A89B87 /* Debug */ = {
			isa = XCBuildConfiguration;
			baseConfigurationReference = 404116AED4F763947A02BCEF /* Pods-HW8.debug.xcconfig */;
			buildSettings = {
				ASSETCATALOG_COMPILER_APPICON_NAME = AppIcon;
				ASSETCATALOG_COMPILER_GLOBAL_ACCENT_COLOR_NAME = AccentColor;
				CODE_SIGN_STYLE = Automatic;
				CURRENT_PROJECT_VERSION = 1;
				DEVELOPMENT_TEAM = 9D45S4H6SM;
				GENERATE_INFOPLIST_FILE = YES;
				INFOPLIST_FILE = HW8/Info.plist;
				INFOPLIST_KEY_UIApplicationSupportsIndirectInputEvents = YES;
				INFOPLIST_KEY_UILaunchStoryboardName = LaunchScreen;
				INFOPLIST_KEY_UIMainStoryboardFile = Main;
				INFOPLIST_KEY_UISupportedInterfaceOrientations_iPad = "UIInterfaceOrientationPortrait UIInterfaceOrientationPortraitUpsideDown UIInterfaceOrientationLandscapeLeft UIInterfaceOrientationLandscapeRight";
				INFOPLIST_KEY_UISupportedInterfaceOrientations_iPhone = "UIInterfaceOrientationPortrait UIInterfaceOrientationLandscapeLeft UIInterfaceOrientationLandscapeRight";
				LD_RUNPATH_SEARCH_PATHS = (
					"$(inherited)",
					"@executable_path/Frameworks",
				);
				MARKETING_VERSION = 1.0;
				PRODUCT_BUNDLE_IDENTIFIER = strkglya108.HW8;
				PRODUCT_NAME = "$(TARGET_NAME)";
				SWIFT_EMIT_LOC_STRINGS = YES;
				SWIFT_VERSION = 5.0;
				TARGETED_DEVICE_FAMILY = "1,2";
			};
			name = Debug;
		};
		7AB4E1AC2B6D1F8100A89B87 /* Release */ = {
			isa = XCBuildConfiguration;
			baseConfigurationReference = 0CE736D56522197F17E0E3FD /* Pods-HW8.release.xcconfig */;
			buildSettings = {
				ASSETCATALOG_COMPILER_APPICON_NAME = AppIcon;
				ASSETCATALOG_COMPILER_GLOBAL_ACCENT_COLOR_NAME = AccentColor;
				CODE_SIGN_STYLE = Automatic;
				CURRENT_PROJECT_VERSION = 1;
				DEVELOPMENT_TEAM = 9D45S4H6SM;
				GENERATE_INFOPLIST_FILE = YES;
				INFOPLIST_FILE = HW8/Info.plist;
				INFOPLIST_KEY_UIApplicationSupportsIndirectInputEvents = YES;
				INFOPLIST_KEY_UILaunchStoryboardName = LaunchScreen;
				INFOPLIST_KEY_UIMainStoryboardFile = Main;
				INFOPLIST_KEY_UISupportedInterfaceOrientations_iPad = "UIInterfaceOrientationPortrait UIInterfaceOrientationPortraitUpsideDown UIInterfaceOrientationLandscapeLeft UIInterfaceOrientationLandscapeRight";
				INFOPLIST_KEY_UISupportedInterfaceOrientations_iPhone = "UIInterfaceOrientationPortrait UIInterfaceOrientationLandscapeLeft UIInterfaceOrientationLandscapeRight";
				LD_RUNPATH_SEARCH_PATHS = (
					"$(inherited)",
					"@executable_path/Frameworks",
				);
				MARKETING_VERSION = 1.0;
				PRODUCT_BUNDLE_IDENTIFIER = strkglya108.HW8;
				PRODUCT_NAME = "$(TARGET_NAME)";
				SWIFT_EMIT_LOC_STRINGS = YES;
				SWIFT_VERSION = 5.0;
				TARGETED_DEVICE_FAMILY = "1,2";
			};
			name = Release;
		};
/* End XCBuildConfiguration section */

/* Begin XCConfigurationList section */
		7AB4E18E2B6D1F7F00A89B87 /* Build configuration list for PBXProject "HW8" */ = {
			isa = XCConfigurationList;
			buildConfigurations = (
				7AB4E1A82B6D1F8100A89B87 /* Debug */,
				7AB4E1A92B6D1F8100A89B87 /* Release */,
			);
			defaultConfigurationIsVisible = 0;
			defaultConfigurationName = Release;
		};
		7AB4E1AA2B6D1F8100A89B87 /* Build configuration list for PBXNativeTarget "HW8" */ = {
			isa = XCConfigurationList;
			buildConfigurations = (
				7AB4E1AB2B6D1F8100A89B87 /* Debug */,
				7AB4E1AC2B6D1F8100A89B87 /* Release */,
			);
			defaultConfigurationIsVisible = 0;
			defaultConfigurationName = Release;
		};
/* End XCConfigurationList section */

/* Begin XCVersionGroup section */
		7AB4E19F2B6D1F7F00A89B87 /* HW8.xcdatamodeld */ = {
			isa = XCVersionGroup;
			children = (
				7AB4E1A02B6D1F7F00A89B87 /* HW8.xcdatamodel */,
			);
			currentVersion = 7AB4E1A02B6D1F7F00A89B87 /* HW8.xcdatamodel */;
			path = HW8.xcdatamodeld;
			sourceTree = "<group>";
			versionGroupType = wrapper.xcdatamodel;
		};
/* End XCVersionGroup section */
	};
	rootObject = 7AB4E18B2B6D1F7F00A89B87 /* Project object */;
}
